
Microsoft Visual Studio Solution File, Format Version 12.00
# Visual Studio 15
VisualStudioVersion = 15.0.28010.2019
MinimumVisualStudioVersion = 10.0.40219.1
Project("{FAE04EC0-301F-11D3-BF4B-00C04F79EFBC}") = "program1", "program1\program1.csproj", "{020CC836-814A-4C18-A4C5-DD391C9265A5}"
EndProject
Project("{FAE04EC0-301F-11D3-BF4B-00C04F79EFBC}") = "program2", "program2\program2.csproj", "{C7D7B662-DB81-4E57-A108-4A3B4A4D012E}"
EndProject
Global
	GlobalSection(SolutionConfigurationPlatforms) = preSolution
		Debug|Any CPU = Debug|Any CPU
		Release|Any CPU = Release|Any CPU
	EndGlobalSection
	GlobalSection(ProjectConfigurationPlatforms) = postSolution
		{020CC836-814A-4C18-A4C5-DD391C9265A5}.Debug|Any CPU.ActiveCfg = Debug|Any CPU
		{020CC836-814A-4C18-A4C5-DD391C9265A5}.Debug|Any CPU.Build.0 = Debug|Any CPU
		{020CC836-814A-4C18-A4C5-DD391C9265A5}.Release|Any CPU.ActiveCfg = Release|Any CPU
		{020CC836-814A-4C18-A4C5-DD391C9265A5}.Release|Any CPU.Build.0 = Release|Any CPU
		{C7D7B662-DB81-4E57-A108-4A3B4A4D012E}.Debug|Any CPU.ActiveCfg = Debug|Any CPU
		{C7D7B662-DB81-4E57-A108-4A3B4A4D012E}.Debug|Any CPU.Build.0 = Debug|Any CPU
		{C7D7B662-DB81-4E57-A108-4A3B4A4D012E}.Release|Any CPU.ActiveCfg = Release|Any CPU
		{C7D7B662-DB81-4E57-A108-4A3B4A4D012E}.Release|Any CPU.Build.0 = Release|Any CPU
	EndGlobalSection
	GlobalSection(SolutionProperties) = preSolution
		HideSolutionNode = FALSE
	EndGlobalSection
	GlobalSection(ExtensibilityGlobals) = postSolution
		SolutionGuid = {67D74B49-FC87-4FC5-AC42-4D166E0600A4}
	EndGlobalSection
EndGlobal
